
Microsoft Visual Studio Solution File, Format Version 12.00
# Visual Studio Version 17
VisualStudioVersion = 17.5.33530.505
MinimumVisualStudioVersion = 10.0.40219.1
Project("{FAE04EC0-301F-11D3-BF4B-00C04F79EFBC}") = "InterviewCode", "InterviewCode.csproj", "{4C5B96FC-81AE-450F-8B3A-7A73CDCB416B}"
EndProject
Global
	GlobalSection(SolutionConfigurationPlatforms) = preSolution
		Debug|Any CPU = Debug|Any CPU
		Release|Any CPU = Release|Any CPU
	EndGlobalSection
	GlobalSection(ProjectConfigurationPlatforms) = postSolution
		{4C5B96FC-81AE-450F-8B3A-7A73CDCB416B}.Debug|Any CPU.ActiveCfg = Debug|Any CPU
		{4C5B96FC-81AE-450F-8B3A-7A73CDCB416B}.Debug|Any CPU.Build.0 = Debug|Any CPU
		{4C5B96FC-81AE-450F-8B3A-7A73CDCB416B}.Release|Any CPU.ActiveCfg = Release|Any CPU
		{4C5B96FC-81AE-450F-8B3A-7A73CDCB416B}.Release|Any CPU.Build.0 = Release|Any CPU
	EndGlobalSection
	GlobalSection(SolutionProperties) = preSolution
		HideSolutionNode = FALSE
	EndGlobalSection
	GlobalSection(ExtensibilityGlobals) = postSolution
		SolutionGuid = {F809F76E-B42F-4BB9-A3FB-28428BDECBF6}
	EndGlobalSection
EndGlobal
